
Microsoft Visual Studio Solution File, Format Version 12.00
# Visual Studio 15
Project("{FAE04EC0-301F-11D3-BF4B-00C04F79EFBC}") = "Road Fighter V.99", "Assembly-CSharp.csproj", "{6BDC450E-0C93-18B3-A01F-C555B3FFFADA}"
EndProject
Global
	GlobalSection(SolutionConfigurationPlatforms) = preSolution
		Debug|Any CPU = Debug|Any CPU
		Release|Any CPU = Release|Any CPU
	EndGlobalSection
	GlobalSection(ProjectConfigurationPlatforms) = postSolution
		{6BDC450E-0C93-18B3-A01F-C555B3FFFADA}.Debug|Any CPU.ActiveCfg = Debug|Any CPU
		{6BDC450E-0C93-18B3-A01F-C555B3FFFADA}.Debug|Any CPU.Build.0 = Debug|Any CPU
		{6BDC450E-0C93-18B3-A01F-C555B3FFFADA}.Release|Any CPU.ActiveCfg = Release|Any CPU
		{6BDC450E-0C93-18B3-A01F-C555B3FFFADA}.Release|Any CPU.Build.0 = Release|Any CPU
	EndGlobalSection
	GlobalSection(SolutionProperties) = preSolution
		HideSolutionNode = FALSE
	EndGlobalSection
EndGlobal
